
Microsoft Visual Studio Solution File, Format Version 12.00
Project("{FAE04EC0-301F-11D3-BF4B-00C04F79EFBC}") = "MendeleySdk", "MendeleySdk\MendeleySdk.csproj", "{3F3B229D-F4DC-44DF-AA4B-F94C81550D72}"
EndProject
Project("{FAE04EC0-301F-11D3-BF4B-00C04F79EFBC}") = "MendeleySdk.UnitTests", "MendeleySdk.UnitTests\MendeleySdk.UnitTests.csproj", "{3A5E2849-9914-4617-9D44-2B18460C89A8}"
EndProject
Project("{FAE04EC0-301F-11D3-BF4B-00C04F79EFBC}") = "DemoApp", "DemoApp\DemoApp.csproj", "{6DD20199-6BEB-4635-8669-F35654E9EA66}"
EndProject
Project("{FAE04EC0-301F-11D3-BF4B-00C04F79EFBC}") = "MendeleySdk.IntegrationTests", "MendeleySdk.IntegrationTests\MendeleySdk.IntegrationTests.csproj", "{3BA94B59-F975-491A-B566-5F7009F2DE51}"
EndProject
Global
	GlobalSection(SolutionConfigurationPlatforms) = preSolution
		Debug|Any CPU = Debug|Any CPU
		Release|Any CPU = Release|Any CPU
	EndGlobalSection
	GlobalSection(ProjectConfigurationPlatforms) = postSolution
		{3F3B229D-F4DC-44DF-AA4B-F94C81550D72}.Debug|Any CPU.ActiveCfg = Debug|Any CPU
		{3F3B229D-F4DC-44DF-AA4B-F94C81550D72}.Debug|Any CPU.Build.0 = Debug|Any CPU
		{3F3B229D-F4DC-44DF-AA4B-F94C81550D72}.Release|Any CPU.ActiveCfg = Release|Any CPU
		{3F3B229D-F4DC-44DF-AA4B-F94C81550D72}.Release|Any CPU.Build.0 = Release|Any CPU
		{3A5E2849-9914-4617-9D44-2B18460C89A8}.Debug|Any CPU.ActiveCfg = Debug|Any CPU
		{3A5E2849-9914-4617-9D44-2B18460C89A8}.Debug|Any CPU.Build.0 = Debug|Any CPU
		{3A5E2849-9914-4617-9D44-2B18460C89A8}.Release|Any CPU.ActiveCfg = Release|Any CPU
		{3A5E2849-9914-4617-9D44-2B18460C89A8}.Release|Any CPU.Build.0 = Release|Any CPU
		{6DD20199-6BEB-4635-8669-F35654E9EA66}.Debug|Any CPU.ActiveCfg = Debug|Any CPU
		{6DD20199-6BEB-4635-8669-F35654E9EA66}.Debug|Any CPU.Build.0 = Debug|Any CPU
		{6DD20199-6BEB-4635-8669-F35654E9EA66}.Release|Any CPU.ActiveCfg = Release|Any CPU
		{6DD20199-6BEB-4635-8669-F35654E9EA66}.Release|Any CPU.Build.0 = Release|Any CPU
		{3BA94B59-F975-491A-B566-5F7009F2DE51}.Debug|Any CPU.ActiveCfg = Debug|Any CPU
		{3BA94B59-F975-491A-B566-5F7009F2DE51}.Debug|Any CPU.Build.0 = Debug|Any CPU
		{3BA94B59-F975-491A-B566-5F7009F2DE51}.Release|Any CPU.ActiveCfg = Release|Any CPU
		{3BA94B59-F975-491A-B566-5F7009F2DE51}.Release|Any CPU.Build.0 = Release|Any CPU
	EndGlobalSection
EndGlobal
